
Microsoft Visual Studio Solution File, Format Version 12.00
# Visual Studio Version 17
VisualStudioVersion = 17.3.32901.215
MinimumVisualStudioVersion = 10.0.40219.1
Project("{FAE04EC0-301F-11D3-BF4B-00C04F79EFBC}") = "AdventOfCode", "AdventOfCode.csproj", "{1CB7CCCE-1CBB-4E37-A004-2A27A0278C70}"
EndProject
Global
	GlobalSection(SolutionConfigurationPlatforms) = preSolution
		Debug|Any CPU = Debug|Any CPU
		Release|Any CPU = Release|Any CPU
	EndGlobalSection
	GlobalSection(ProjectConfigurationPlatforms) = postSolution
		{1CB7CCCE-1CBB-4E37-A004-2A27A0278C70}.Debug|Any CPU.ActiveCfg = Debug|Any CPU
		{1CB7CCCE-1CBB-4E37-A004-2A27A0278C70}.Debug|Any CPU.Build.0 = Debug|Any CPU
		{1CB7CCCE-1CBB-4E37-A004-2A27A0278C70}.Release|Any CPU.ActiveCfg = Release|Any CPU
		{1CB7CCCE-1CBB-4E37-A004-2A27A0278C70}.Release|Any CPU.Build.0 = Release|Any CPU
	EndGlobalSection
	GlobalSection(SolutionProperties) = preSolution
		HideSolutionNode = FALSE
	EndGlobalSection
	GlobalSection(ExtensibilityGlobals) = postSolution
		SolutionGuid = {6E486F49-5E8E-4F6E-A05A-771EC74889CB}
	EndGlobalSection
EndGlobal
